
Microsoft Visual Studio Solution File, Format Version 12.00
# Visual Studio Version 16
VisualStudioVersion = 16.0.28917.181
MinimumVisualStudioVersion = 10.0.40219.1
Project("{FAE04EC0-301F-11D3-BF4B-00C04F79EFBC}") = "Zeng.Sandbox.DependencyInjection", "Zeng.Sandbox.DependencyInjection\Zeng.Sandbox.DependencyInjection.csproj", "{0DE66ED9-6DA0-43FA-8188-319984370CF5}"
EndProject
Global
	GlobalSection(SolutionConfigurationPlatforms) = preSolution
		Debug|Any CPU = Debug|Any CPU
		Release|Any CPU = Release|Any CPU
	EndGlobalSection
	GlobalSection(ProjectConfigurationPlatforms) = postSolution
		{0DE66ED9-6DA0-43FA-8188-319984370CF5}.Debug|Any CPU.ActiveCfg = Debug|Any CPU
		{0DE66ED9-6DA0-43FA-8188-319984370CF5}.Debug|Any CPU.Build.0 = Debug|Any CPU
		{0DE66ED9-6DA0-43FA-8188-319984370CF5}.Release|Any CPU.ActiveCfg = Release|Any CPU
		{0DE66ED9-6DA0-43FA-8188-319984370CF5}.Release|Any CPU.Build.0 = Release|Any CPU
	EndGlobalSection
	GlobalSection(SolutionProperties) = preSolution
		HideSolutionNode = FALSE
	EndGlobalSection
	GlobalSection(ExtensibilityGlobals) = postSolution
		SolutionGuid = {BB8D4B1F-0122-45D7-9364-82B5799B4FD4}
	EndGlobalSection
EndGlobal
